
Microsoft Visual Studio Solution File, Format Version 12.00
# Visual Studio Version 17
VisualStudioVersion = 17.3.32819.101
MinimumVisualStudioVersion = 10.0.40219.1
Project("{FAE04EC0-301F-11D3-BF4B-00C04F79EFBC}") = "ExtensionMethods", "ExtensionMethods\ExtensionMethods.csproj", "{5ED260AF-AE81-440D-B256-FF0D88C80706}"
EndProject
Global
	GlobalSection(SolutionConfigurationPlatforms) = preSolution
		Debug|Any CPU = Debug|Any CPU
		Release|Any CPU = Release|Any CPU
	EndGlobalSection
	GlobalSection(ProjectConfigurationPlatforms) = postSolution
		{5ED260AF-AE81-440D-B256-FF0D88C80706}.Debug|Any CPU.ActiveCfg = Debug|Any CPU
		{5ED260AF-AE81-440D-B256-FF0D88C80706}.Debug|Any CPU.Build.0 = Debug|Any CPU
		{5ED260AF-AE81-440D-B256-FF0D88C80706}.Release|Any CPU.ActiveCfg = Release|Any CPU
		{5ED260AF-AE81-440D-B256-FF0D88C80706}.Release|Any CPU.Build.0 = Release|Any CPU
	EndGlobalSection
	GlobalSection(SolutionProperties) = preSolution
		HideSolutionNode = FALSE
	EndGlobalSection
	GlobalSection(ExtensibilityGlobals) = postSolution
		SolutionGuid = {06369C2C-07A1-41C0-880F-9E2B893C502A}
	EndGlobalSection
EndGlobal
